{
  "name": "cron-job",
  "version": "1.0.0",
  "lockfileVersion": 3,
  "requires": true,
  "packages": {
    "": {
      "name": "cron-job",
      "version": "1.0.0",
      "license": "ISC",
      "dependencies": {
        "cron": "^4.3.3"
      },
      "devDependencies": {}
    },
    "node_modules/@types/luxon": {
      "version": "3.7.1",
      "resolved": "https://registry.npmjs.org/@types/luxon/-/luxon-3.7.1.tgz",
      "integrity": "sha512-H3iskjFIAn5SlJU7OuxUmTEpebK6TKB8rxZShDslBMZJ5u9S//KM1sbdAisiSrqwLQncVjnpi2OK2J51h+4lsg==",
      "license": "MIT"
    },
    "node_modules/cron": {
      "version": "4.3.3",
      "resolved": "https://registry.npmjs.org/cron/-/cron-4.3.3.tgz",
      "integrity": "sha512-B/CJj5yL3sjtlun6RtYHvoSB26EmQ2NUmhq9ZiJSyKIM4K/fqfh9aelDFlIayD2YMeFZqWLi9hHV+c+pq2Djkw==",
      "license": "MIT",
      "dependencies": {
        "@types/luxon": "~3.7.0",
        "luxon": "~3.7.0"
      },
      "engines": {
        "node": ">=18.x"
      }
    },
    "node_modules/luxon": {
      "version": "3.7.1",
      "resolved": "https://registry.npmjs.org/luxon/-/luxon-3.7.1.tgz",
      "integrity": "sha512-RkRWjA926cTvz5rAb1BqyWkKbbjzCGchDUIKMCUvNi17j6f6j8uHGDV82Aqcqtzd+icoYpELmG3ksgGiFNNcNg==",
      "license": "MIT",
      "engines": {
        "node": ">=12"
      }
    }
  }
}
